{
  "requires": true,
  "lockfileVersion": 1,
  "dependencies": {
    "@angular/animations": {
      "version": "8.2.14",
      "resolved": "https://registry.npmjs.org/@angular/animations/-/animations-8.2.14.tgz",
      "integrity": "sha512-3Vc9TnNpKdtvKIXcWDFINSsnwgEMiDmLzjceWg1iYKwpeZGQahUXPoesLwQazBMmxJzQiA4HOMj0TTXKZ+Jzkg==",
      "requires": {
        "tslib": "^1.9.0"
      }
    },
    "@angular/cdk": {
      "version": "8.2.3",
      "resolved": "https://registry.npmjs.org/@angular/cdk/-/cdk-8.2.3.tgz",
      "integrity": "sha512-ZwO5Sn720RA2YvBqud0JAHkZXjmjxM0yNzCO8RVtRE9i8Gl26Wk0j0nQeJkVm4zwv2QO8MwbKUKGTMt8evsokA==",
      "requires": {
        "parse5": "^5.0.0",
        "tslib": "^1.7.1"
      }
    },
    "@angular/common": {
      "version": "8.0.0",
      "resolved": "https://registry.npmjs.org/@angular/common/-/common-8.0.0.tgz",
      "integrity": "sha512-iOAJZ0+1zTRHnHE/5G30+4Q66W1pfZkSkxZIXvgijZ+wtuNloYdWNy/IdZ/m7ayBI7A6FsYEhyMUoWz2HVEJNw==",
      "requires": {
        "tslib": "^1.9.0"
      }
    },
    "@angular/core": {
      "version": "8.0.0",
      "resolved": "https://registry.npmjs.org/@angular/core/-/core-8.0.0.tgz",
      "integrity": "sha512-mrkP1PTzqCmZGLYll+TDyawLXHzi+FcRPqSuRxCmDMthUUE93SLXT2yISDkx9aMPtFKgFr6KfrIkKuCz16BP/g==",
      "requires": {
        "tslib": "^1.9.0"
      }
    },
    "@angular/forms": {
      "version": "8.0.0",
      "resolved": "https://registry.npmjs.org/@angular/forms/-/forms-8.0.0.tgz",
      "integrity": "sha512-T6XdG3mALWzvnrN3fA1hAmfwvraiF1SPMWNXgPk2riuMf8CFdoro+tQZ4eo1islHrTTw5QzmqN8JJALfhAG6bg==",
      "requires": {
        "tslib": "^1.9.0"
      }
    },
    "@angular/platform-browser": {
      "version": "8.0.0",
      "resolved": "https://registry.npmjs.org/@angular/platform-browser/-/platform-browser-8.0.0.tgz",
      "integrity": "sha512-fTD+pTMbq+On9Uv3VXiei2lfuX7GX31dngm/Y4yWTFeW6eXy0+7kkfflzpLOb0hykCZvcXzarqCuEBBYNLrrOg==",
      "requires": {
        "tslib": "^1.9.0"
      }
    },
    "@angular/router": {
      "version": "8.0.0",
      "resolved": "https://registry.npmjs.org/@angular/router/-/router-8.0.0.tgz",
      "integrity": "sha512-DGUTb8qpndE5m716xh00GxuC8o7qamlqbUruGB+SQD6ynU7s5yLGxtKffxqb1BT63+YewpsVxc2Koruvb1qjDw==",
      "requires": {
        "tslib": "^1.9.0"
      }
    },
    "@nebular/auth": {
      "version": "4.6.0",
      "resolved": "https://registry.npmjs.org/@nebular/auth/-/auth-4.6.0.tgz",
      "integrity": "sha512-M9pgaXRjx6v9jbyfwKvre0bBZ9kzXtO9t5IHQTvhXgq6kH6b+B0A7UH0pwZm325p35dfA8y3rQTSS3ew2JnOSA=="
    },
    "@nebular/security": {
      "version": "4.6.0",
      "resolved": "https://registry.npmjs.org/@nebular/security/-/security-4.6.0.tgz",
      "integrity": "sha512-eT0wJQbQnwq4LuTYIrBzD9IMbigqeJzn7/cMRRpZX3sMvhi+6UoA3ZX2Y8RmYLkrXMb13OvVY0OvpC+GqE8/IQ=="
    },
    "@nebular/theme": {
      "version": "4.6.0",
      "resolved": "https://registry.npmjs.org/@nebular/theme/-/theme-4.6.0.tgz",
      "integrity": "sha512-S7topzx0Hf9D7YkQxKJ8UB1G2/sEN3o4eKjkRe8Xv5n7H3WqpKQ9Uef3oW2mTf75dmICBldhKXvopdr6TA5foA==",
      "requires": {
        "intersection-observer": "0.7.0"
      }
    },
    "intersection-observer": {
      "version": "0.7.0",
      "resolved": "https://registry.npmjs.org/intersection-observer/-/intersection-observer-0.7.0.tgz",
      "integrity": "sha512-Id0Fij0HsB/vKWGeBe9PxeY45ttRiBmhFyyt/geBdDHBYNctMRTE3dC1U3ujzz3lap+hVXlEcVaB56kZP/eEUg=="
    },
    "parse5": {
      "version": "5.1.1",
      "resolved": "https://registry.npmjs.org/parse5/-/parse5-5.1.1.tgz",
      "integrity": "sha512-ugq4DFI0Ptb+WWjAdOK16+u/nHfiIrcE+sh8kZMaM0WllQKLI9rOUq6c2b7cwPkXdzfQESqvoqK6ug7U/Yyzug=="
    },
    "rxjs": {
      "version": "6.5.1",
      "resolved": "https://registry.npmjs.org/rxjs/-/rxjs-6.5.1.tgz",
      "integrity": "sha512-y0j31WJc83wPu31vS1VlAFW5JGrnGC+j+TtGAa1fRQphy48+fDYiDmX8tjGloToEsMkxnouOg/1IzXGKkJnZMg==",
      "requires": {
        "tslib": "^1.9.0"
      }
    },
    "tslib": {
      "version": "1.10.0",
      "resolved": "https://registry.npmjs.org/tslib/-/tslib-1.10.0.tgz",
      "integrity": "sha512-qOebF53frne81cf0S9B41ByenJ3/IuH8yJKngAX35CmiZySA0khhkovshKK+jGCaMnVomla7gVlIcc3EvKPbTQ=="
    },
    "zone.js": {
      "version": "0.9.1",
      "resolved": "https://registry.npmjs.org/zone.js/-/zone.js-0.9.1.tgz",
      "integrity": "sha512-GkPiJL8jifSrKReKaTZ5jkhrMEgXbXYC+IPo1iquBjayRa0q86w3Dipjn8b415jpitMExe9lV8iTsv8tk3DGag=="
    }
  }
}
